
Microsoft Visual Studio Solution File, Format Version 12.00
# Visual Studio Version 16
VisualStudioVersion = 16.0.32630.194
MinimumVisualStudioVersion = 10.0.40219.1
Project("{FAE04EC0-301F-11D3-BF4B-00C04F79EFBC}") = "Dictionary", "Dictionary\Dictionary.csproj", "{F082CF8C-E723-4BC0-B8FF-84D09A1A2FC4}"
EndProject
Global
	GlobalSection(SolutionConfigurationPlatforms) = preSolution
		Debug|Any CPU = Debug|Any CPU
		Release|Any CPU = Release|Any CPU
	EndGlobalSection
	GlobalSection(ProjectConfigurationPlatforms) = postSolution
		{F082CF8C-E723-4BC0-B8FF-84D09A1A2FC4}.Debug|Any CPU.ActiveCfg = Debug|Any CPU
		{F082CF8C-E723-4BC0-B8FF-84D09A1A2FC4}.Debug|Any CPU.Build.0 = Debug|Any CPU
		{F082CF8C-E723-4BC0-B8FF-84D09A1A2FC4}.Release|Any CPU.ActiveCfg = Release|Any CPU
		{F082CF8C-E723-4BC0-B8FF-84D09A1A2FC4}.Release|Any CPU.Build.0 = Release|Any CPU
	EndGlobalSection
	GlobalSection(SolutionProperties) = preSolution
		HideSolutionNode = FALSE
	EndGlobalSection
	GlobalSection(ExtensibilityGlobals) = postSolution
		SolutionGuid = {5F9766C8-FD77-473A-8889-22FDB50282B2}
	EndGlobalSection
EndGlobal
